PODS:
  - Kingfisher (7.9.0)
  - netfox (1.21.0)
  - ObjectMapper (4.2.0)
  - Realm (10.38.0):
    - Realm/Headers (= 10.38.0)
  - Realm/Headers (10.38.0)
  - RealmSwift (10.38.0):
    - Realm (= 10.38.0)
  - SnapKit (5.6.0)
  - UIScrollView-InfiniteScroll (1.3.0)

DEPENDENCIES:
  - Kingfisher (~> 7.0)
  - netfox
  - ObjectMapper
  - RealmSwift (= 10.38)
  - SnapKit
  - UIScrollView-InfiniteScroll (~> 1.3.0)

SPEC REPOS:
  trunk:
    - Kingfisher
    - netfox
    - ObjectMapper
    - Realm
    - RealmSwift
    - SnapKit
    - UIScrollView-InfiniteScroll

SPEC CHECKSUMS:
  Kingfisher: 59f908b6d2f403b0a3e539debb0eec05cb27002c
  netfox: 9d5cc727fe7576c4c7688a2504618a156b7d44b7
  ObjectMapper: 1eb41f610210777375fa806bf161dc39fb832b81
  Realm: 5902885dd1d5e71b0b020830caab937ecdf5bf07
  RealmSwift: 0fc037d6c32c7c4fc9362892380f380114ecdcf0
  SnapKit: e01d52ebb8ddbc333eefe2132acf85c8227d9c25
  UIScrollView-InfiniteScroll: a30af3dec185edd26d6ad50c521aa277f3ebf177

PODFILE CHECKSUM: 3f92f32dab942e54c17dda68d18f1bdb500fe9ad

COCOAPODS: 1.12.1
